
Microsoft Visual Studio Solution File, Format Version 12.00
# Visual Studio 14
VisualStudioVersion = 14.0.23107.0
MinimumVisualStudioVersion = 10.0.40219.1
Project("{FAE04EC0-301F-11D3-BF4B-00C04F79EFBC}") = "QuickSortNS", "QuickSortNS\QuickSortNS.csproj", "{6C66CEBA-49BA-4228-A796-61B7946F91A8}"
EndProject
Project("{FAE04EC0-301F-11D3-BF4B-00C04F79EFBC}") = "ConsoleQuickSort", "ConsoleQuickSort\ConsoleQuickSort.csproj", "{0825EBB3-C86B-4441-8F03-715A750DDB73}"
EndProject
Project("{FAE04EC0-301F-11D3-BF4B-00C04F79EFBC}") = "UnitTestQuickSort", "UnitTestQuickSort\UnitTestQuickSort.csproj", "{79EFE6A2-4CE6-4C99-A59C-6F9C0C58B2C8}"
EndProject
Global
	GlobalSection(SolutionConfigurationPlatforms) = preSolution
		Debug|Any CPU = Debug|Any CPU
		Release|Any CPU = Release|Any CPU
	EndGlobalSection
	GlobalSection(ProjectConfigurationPlatforms) = postSolution
		{6C66CEBA-49BA-4228-A796-61B7946F91A8}.Debug|Any CPU.ActiveCfg = Debug|Any CPU
		{6C66CEBA-49BA-4228-A796-61B7946F91A8}.Debug|Any CPU.Build.0 = Debug|Any CPU
		{6C66CEBA-49BA-4228-A796-61B7946F91A8}.Release|Any CPU.ActiveCfg = Release|Any CPU
		{6C66CEBA-49BA-4228-A796-61B7946F91A8}.Release|Any CPU.Build.0 = Release|Any CPU
		{0825EBB3-C86B-4441-8F03-715A750DDB73}.Debug|Any CPU.ActiveCfg = Debug|Any CPU
		{0825EBB3-C86B-4441-8F03-715A750DDB73}.Debug|Any CPU.Build.0 = Debug|Any CPU
		{0825EBB3-C86B-4441-8F03-715A750DDB73}.Release|Any CPU.ActiveCfg = Release|Any CPU
		{0825EBB3-C86B-4441-8F03-715A750DDB73}.Release|Any CPU.Build.0 = Release|Any CPU
		{79EFE6A2-4CE6-4C99-A59C-6F9C0C58B2C8}.Debug|Any CPU.ActiveCfg = Debug|Any CPU
		{79EFE6A2-4CE6-4C99-A59C-6F9C0C58B2C8}.Debug|Any CPU.Build.0 = Debug|Any CPU
		{79EFE6A2-4CE6-4C99-A59C-6F9C0C58B2C8}.Release|Any CPU.ActiveCfg = Release|Any CPU
		{79EFE6A2-4CE6-4C99-A59C-6F9C0C58B2C8}.Release|Any CPU.Build.0 = Release|Any CPU
	EndGlobalSection
	GlobalSection(SolutionProperties) = preSolution
		HideSolutionNode = FALSE
	EndGlobalSection
EndGlobal
